
Microsoft Visual Studio Solution File, Format Version 12.00
# Visual Studio Version 16
VisualStudioVersion = 16.0.32106.194
MinimumVisualStudioVersion = 10.0.40219.1
Project("{FAE04EC0-301F-11D3-BF4B-00C04F79EFBC}") = "APIDEMO", "APIDEMO\APIDEMO.csproj", "{38019C2F-B623-40E1-AEC7-64BD6C4E9ED3}"
EndProject
Global
	GlobalSection(SolutionConfigurationPlatforms) = preSolution
		Debug|Any CPU = Debug|Any CPU
		Release|Any CPU = Release|Any CPU
	EndGlobalSection
	GlobalSection(ProjectConfigurationPlatforms) = postSolution
		{38019C2F-B623-40E1-AEC7-64BD6C4E9ED3}.Debug|Any CPU.ActiveCfg = Debug|Any CPU
		{38019C2F-B623-40E1-AEC7-64BD6C4E9ED3}.Debug|Any CPU.Build.0 = Debug|Any CPU
		{38019C2F-B623-40E1-AEC7-64BD6C4E9ED3}.Release|Any CPU.ActiveCfg = Release|Any CPU
		{38019C2F-B623-40E1-AEC7-64BD6C4E9ED3}.Release|Any CPU.Build.0 = Release|Any CPU
	EndGlobalSection
	GlobalSection(SolutionProperties) = preSolution
		HideSolutionNode = FALSE
	EndGlobalSection
	GlobalSection(ExtensibilityGlobals) = postSolution
		SolutionGuid = {E41D4FD2-6262-45ED-8AA2-323AF3026A7A}
	EndGlobalSection
EndGlobal
